# Generated by pub
# See https://dart.dev/tools/pub/glossary#lockfile
packages:
  csv:
    dependency: "direct main"
    description:
      name: csv
      sha256: "142bdf2b24f4a49e35a0fc4398f21d861c4c0f9015e8054dcacd0bb8e23ee27d"
      url: "https://pub.dev"
    source: hosted
    version: "5.1.0"
sdks:
  dart: ">=3.1.0 <4.0.0"
