
Microsoft Visual Studio Solution File, Format Version 12.00
# Visual Studio Version 17
VisualStudioVersion = 17.7.34031.279
MinimumVisualStudioVersion = 10.0.40219.1
Project("{9A19103F-16F7-4668-BE54-9A1E7A4F7556}") = "HacktoberFest-2023_C#", "HacktoberFest-2023_C#.csproj", "{D161AF51-09AA-4886-B96C-4CFA07F38833}"
EndProject
Global
	GlobalSection(SolutionConfigurationPlatforms) = preSolution
		Debug|Any CPU = Debug|Any CPU
		Release|Any CPU = Release|Any CPU
	EndGlobalSection
	GlobalSection(ProjectConfigurationPlatforms) = postSolution
		{D161AF51-09AA-4886-B96C-4CFA07F38833}.Debug|Any CPU.ActiveCfg = Debug|Any CPU
		{D161AF51-09AA-4886-B96C-4CFA07F38833}.Debug|Any CPU.Build.0 = Debug|Any CPU
		{D161AF51-09AA-4886-B96C-4CFA07F38833}.Release|Any CPU.ActiveCfg = Release|Any CPU
		{D161AF51-09AA-4886-B96C-4CFA07F38833}.Release|Any CPU.Build.0 = Release|Any CPU
	EndGlobalSection
	GlobalSection(SolutionProperties) = preSolution
		HideSolutionNode = FALSE
	EndGlobalSection
	GlobalSection(ExtensibilityGlobals) = postSolution
		SolutionGuid = {3DC16EDE-0181-45F7-AF91-A209FC22806B}
	EndGlobalSection
EndGlobal
